
Microsoft Visual Studio Solution File, Format Version 12.00
# Visual Studio Version 17
VisualStudioVersion = 17.6.33723.286
MinimumVisualStudioVersion = 10.0.40219.1
Project("{FAE04EC0-301F-11D3-BF4B-00C04F79EFBC}") = "StringProcess", "StringProcess\StringProcess.csproj", "{01CBA4D7-E044-4F1F-8915-B94E83DBDFA0}"
EndProject
Project("{FAE04EC0-301F-11D3-BF4B-00C04F79EFBC}") = "SortArray", "SortArray\SortArray.csproj", "{9ACDCA66-BC5E-4DCA-A38E-2376E2196FD1}"
EndProject
Global
	GlobalSection(SolutionConfigurationPlatforms) = preSolution
		Debug|Any CPU = Debug|Any CPU
		Release|Any CPU = Release|Any CPU
	EndGlobalSection
	GlobalSection(ProjectConfigurationPlatforms) = postSolution
		{01CBA4D7-E044-4F1F-8915-B94E83DBDFA0}.Debug|Any CPU.ActiveCfg = Debug|Any CPU
		{01CBA4D7-E044-4F1F-8915-B94E83DBDFA0}.Debug|Any CPU.Build.0 = Debug|Any CPU
		{01CBA4D7-E044-4F1F-8915-B94E83DBDFA0}.Release|Any CPU.ActiveCfg = Release|Any CPU
		{01CBA4D7-E044-4F1F-8915-B94E83DBDFA0}.Release|Any CPU.Build.0 = Release|Any CPU
		{9ACDCA66-BC5E-4DCA-A38E-2376E2196FD1}.Debug|Any CPU.ActiveCfg = Debug|Any CPU
		{9ACDCA66-BC5E-4DCA-A38E-2376E2196FD1}.Debug|Any CPU.Build.0 = Debug|Any CPU
		{9ACDCA66-BC5E-4DCA-A38E-2376E2196FD1}.Release|Any CPU.ActiveCfg = Release|Any CPU
		{9ACDCA66-BC5E-4DCA-A38E-2376E2196FD1}.Release|Any CPU.Build.0 = Release|Any CPU
	EndGlobalSection
	GlobalSection(SolutionProperties) = preSolution
		HideSolutionNode = FALSE
	EndGlobalSection
	GlobalSection(ExtensibilityGlobals) = postSolution
		SolutionGuid = {A480B98D-AFA1-4A09-8D32-BA35EA9E394E}
	EndGlobalSection
EndGlobal
